
Microsoft Visual Studio Solution File, Format Version 12.00
# Visual Studio Version 17
VisualStudioVersion = 17.4.33213.308
MinimumVisualStudioVersion = 10.0.40219.1
Project("{FAE04EC0-301F-11D3-BF4B-00C04F79EFBC}") = "Kata1Console", "Kata1Console\Kata1Console.csproj", "{55D5B0AC-4F0A-47F3-8181-0C9EDF65669E}"
EndProject
Project("{FAE04EC0-301F-11D3-BF4B-00C04F79EFBC}") = "Kata1Tests", "Kata1Tests\Kata1Tests.csproj", "{F6AE84E7-944E-4909-A031-2A102E109C2E}"
EndProject
Global
	GlobalSection(SolutionConfigurationPlatforms) = preSolution
		Debug|Any CPU = Debug|Any CPU
		Release|Any CPU = Release|Any CPU
	EndGlobalSection
	GlobalSection(ProjectConfigurationPlatforms) = postSolution
		{55D5B0AC-4F0A-47F3-8181-0C9EDF65669E}.Debug|Any CPU.ActiveCfg = Debug|Any CPU
		{55D5B0AC-4F0A-47F3-8181-0C9EDF65669E}.Debug|Any CPU.Build.0 = Debug|Any CPU
		{55D5B0AC-4F0A-47F3-8181-0C9EDF65669E}.Release|Any CPU.ActiveCfg = Release|Any CPU
		{55D5B0AC-4F0A-47F3-8181-0C9EDF65669E}.Release|Any CPU.Build.0 = Release|Any CPU
		{F6AE84E7-944E-4909-A031-2A102E109C2E}.Debug|Any CPU.ActiveCfg = Debug|Any CPU
		{F6AE84E7-944E-4909-A031-2A102E109C2E}.Debug|Any CPU.Build.0 = Debug|Any CPU
		{F6AE84E7-944E-4909-A031-2A102E109C2E}.Release|Any CPU.ActiveCfg = Release|Any CPU
		{F6AE84E7-944E-4909-A031-2A102E109C2E}.Release|Any CPU.Build.0 = Release|Any CPU
	EndGlobalSection
	GlobalSection(SolutionProperties) = preSolution
		HideSolutionNode = FALSE
	EndGlobalSection
	GlobalSection(ExtensibilityGlobals) = postSolution
		SolutionGuid = {7909E02D-4A36-4B35-AE38-E8D5436CD75D}
	EndGlobalSection
EndGlobal
